
Microsoft Visual Studio Solution File, Format Version 12.00
# Visual Studio Version 17
VisualStudioVersion = 17.0.31903.59
MinimumVisualStudioVersion = 10.0.40219.1
Project("{FAE04EC0-301F-11D3-BF4B-00C04F79EFBC}") = "ShopSphere.Application", "src\ShopSphere.Application\ShopSphere.Application.csproj", "{69524EF9-F18A-CC68-A3A0-71BE16A8AD83}"
EndProject
Project("{FAE04EC0-301F-11D3-BF4B-00C04F79EFBC}") = "ShopSphere.Api", "src\ShopSphere.Api\ShopSphere.Api.csproj", "{37643C5F-01D8-B9BC-5BB4-4045468AD1C6}"
EndProject
Project("{FAE04EC0-301F-11D3-BF4B-00C04F79EFBC}") = "ShopSphere.Infrastructure", "src\ShopSphere.Infrastructure\ShopSphere.Infrastructure.csproj", "{71181397-8DEE-4D9F-93AB-56DF94CC65C8}"
EndProject
Project("{FAE04EC0-301F-11D3-BF4B-00C04F79EFBC}") = "ShopSphere.Domain", "src\ShopSphere.Domain\ShopSphere.Domain.csproj", "{5E6BB201-2B87-3528-DE8E-9E68CE25F1C0}"
EndProject
Project("{FAE04EC0-301F-11D3-BF4B-00C04F79EFBC}") = "ShopSphere.Worker", "src\ShopSphere.Worker\ShopSphere.Worker.csproj", "{7F6FF9A3-B564-64D7-6114-6D8DBF4508E1}"
EndProject
Global
	GlobalSection(SolutionConfigurationPlatforms) = preSolution
		Debug|Any CPU = Debug|Any CPU
		Debug|x64 = Debug|x64
		Debug|x86 = Debug|x86
		Release|Any CPU = Release|Any CPU
		Release|x64 = Release|x64
		Release|x86 = Release|x86
	EndGlobalSection
	GlobalSection(ProjectConfigurationPlatforms) = postSolution
		{69524EF9-F18A-CC68-A3A0-71BE16A8AD83}.Debug|Any CPU.ActiveCfg = Debug|Any CPU
		{69524EF9-F18A-CC68-A3A0-71BE16A8AD83}.Debug|Any CPU.Build.0 = Debug|Any CPU
		{69524EF9-F18A-CC68-A3A0-71BE16A8AD83}.Debug|x64.ActiveCfg = Debug|Any CPU
		{69524EF9-F18A-CC68-A3A0-71BE16A8AD83}.Debug|x64.Build.0 = Debug|Any CPU
		{69524EF9-F18A-CC68-A3A0-71BE16A8AD83}.Debug|x86.ActiveCfg = Debug|Any CPU
		{69524EF9-F18A-CC68-A3A0-71BE16A8AD83}.Debug|x86.Build.0 = Debug|Any CPU
		{69524EF9-F18A-CC68-A3A0-71BE16A8AD83}.Release|Any CPU.ActiveCfg = Release|Any CPU
		{69524EF9-F18A-CC68-A3A0-71BE16A8AD83}.Release|Any CPU.Build.0 = Release|Any CPU
		{69524EF9-F18A-CC68-A3A0-71BE16A8AD83}.Release|x64.ActiveCfg = Release|Any CPU
		{69524EF9-F18A-CC68-A3A0-71BE16A8AD83}.Release|x64.Build.0 = Release|Any CPU
		{69524EF9-F18A-CC68-A3A0-71BE16A8AD83}.Release|x86.ActiveCfg = Release|Any CPU
		{69524EF9-F18A-CC68-A3A0-71BE16A8AD83}.Release|x86.Build.0 = Release|Any CPU
		{37643C5F-01D8-B9BC-5BB4-4045468AD1C6}.Debug|Any CPU.ActiveCfg = Debug|Any CPU
		{37643C5F-01D8-B9BC-5BB4-4045468AD1C6}.Debug|Any CPU.Build.0 = Debug|Any CPU
		{37643C5F-01D8-B9BC-5BB4-4045468AD1C6}.Debug|x64.ActiveCfg = Debug|Any CPU
		{37643C5F-01D8-B9BC-5BB4-4045468AD1C6}.Debug|x64.Build.0 = Debug|Any CPU
		{37643C5F-01D8-B9BC-5BB4-4045468AD1C6}.Debug|x86.ActiveCfg = Debug|Any CPU
		{37643C5F-01D8-B9BC-5BB4-4045468AD1C6}.Debug|x86.Build.0 = Debug|Any CPU
		{37643C5F-01D8-B9BC-5BB4-4045468AD1C6}.Release|Any CPU.ActiveCfg = Release|Any CPU
		{37643C5F-01D8-B9BC-5BB4-4045468AD1C6}.Release|Any CPU.Build.0 = Release|Any CPU
		{37643C5F-01D8-B9BC-5BB4-4045468AD1C6}.Release|x64.ActiveCfg = Release|Any CPU
		{37643C5F-01D8-B9BC-5BB4-4045468AD1C6}.Release|x64.Build.0 = Release|Any CPU
		{37643C5F-01D8-B9BC-5BB4-4045468AD1C6}.Release|x86.ActiveCfg = Release|Any CPU
		{37643C5F-01D8-B9BC-5BB4-4045468AD1C6}.Release|x86.Build.0 = Release|Any CPU
		{71181397-8DEE-4D9F-93AB-56DF94CC65C8}.Debug|Any CPU.ActiveCfg = Debug|Any CPU
		{71181397-8DEE-4D9F-93AB-56DF94CC65C8}.Debug|Any CPU.Build.0 = Debug|Any CPU
		{71181397-8DEE-4D9F-93AB-56DF94CC65C8}.Debug|x64.ActiveCfg = Debug|Any CPU
		{71181397-8DEE-4D9F-93AB-56DF94CC65C8}.Debug|x64.Build.0 = Debug|Any CPU
		{71181397-8DEE-4D9F-93AB-56DF94CC65C8}.Debug|x86.ActiveCfg = Debug|Any CPU
		{71181397-8DEE-4D9F-93AB-56DF94CC65C8}.Debug|x86.Build.0 = Debug|Any CPU
		{71181397-8DEE-4D9F-93AB-56DF94CC65C8}.Release|Any CPU.ActiveCfg = Release|Any CPU
		{71181397-8DEE-4D9F-93AB-56DF94CC65C8}.Release|Any CPU.Build.0 = Release|Any CPU
		{71181397-8DEE-4D9F-93AB-56DF94CC65C8}.Release|x64.ActiveCfg = Release|Any CPU
		{71181397-8DEE-4D9F-93AB-56DF94CC65C8}.Release|x64.Build.0 = Release|Any CPU
		{71181397-8DEE-4D9F-93AB-56DF94CC65C8}.Release|x86.ActiveCfg = Release|Any CPU
		{71181397-8DEE-4D9F-93AB-56DF94CC65C8}.Release|x86.Build.0 = Release|Any CPU
		{5E6BB201-2B87-3528-DE8E-9E68CE25F1C0}.Debug|Any CPU.ActiveCfg = Debug|Any CPU
		{5E6BB201-2B87-3528-DE8E-9E68CE25F1C0}.Debug|Any CPU.Build.0 = Debug|Any CPU
		{5E6BB201-2B87-3528-DE8E-9E68CE25F1C0}.Debug|x64.ActiveCfg = Debug|Any CPU
		{5E6BB201-2B87-3528-DE8E-9E68CE25F1C0}.Debug|x64.Build.0 = Debug|Any CPU
		{5E6BB201-2B87-3528-DE8E-9E68CE25F1C0}.Debug|x86.ActiveCfg = Debug|Any CPU
		{5E6BB201-2B87-3528-DE8E-9E68CE25F1C0}.Debug|x86.Build.0 = Debug|Any CPU
		{5E6BB201-2B87-3528-DE8E-9E68CE25F1C0}.Release|Any CPU.ActiveCfg = Release|Any CPU
		{5E6BB201-2B87-3528-DE8E-9E68CE25F1C0}.Release|Any CPU.Build.0 = Release|Any CPU
		{5E6BB201-2B87-3528-DE8E-9E68CE25F1C0}.Release|x64.ActiveCfg = Release|Any CPU
		{5E6BB201-2B87-3528-DE8E-9E68CE25F1C0}.Release|x64.Build.0 = Release|Any CPU
		{5E6BB201-2B87-3528-DE8E-9E68CE25F1C0}.Release|x86.ActiveCfg = Release|Any CPU
		{5E6BB201-2B87-3528-DE8E-9E68CE25F1C0}.Release|x86.Build.0 = Release|Any CPU
		{7F6FF9A3-B564-64D7-6114-6D8DBF4508E1}.Debug|Any CPU.ActiveCfg = Debug|Any CPU
		{7F6FF9A3-B564-64D7-6114-6D8DBF4508E1}.Debug|Any CPU.Build.0 = Debug|Any CPU
		{7F6FF9A3-B564-64D7-6114-6D8DBF4508E1}.Debug|x64.ActiveCfg = Debug|Any CPU
		{7F6FF9A3-B564-64D7-6114-6D8DBF4508E1}.Debug|x64.Build.0 = Debug|Any CPU
		{7F6FF9A3-B564-64D7-6114-6D8DBF4508E1}.Debug|x86.ActiveCfg = Debug|Any CPU
		{7F6FF9A3-B564-64D7-6114-6D8DBF4508E1}.Debug|x86.Build.0 = Debug|Any CPU
		{7F6FF9A3-B564-64D7-6114-6D8DBF4508E1}.Release|Any CPU.ActiveCfg = Release|Any CPU
		{7F6FF9A3-B564-64D7-6114-6D8DBF4508E1}.Release|Any CPU.Build.0 = Release|Any CPU
		{7F6FF9A3-B564-64D7-6114-6D8DBF4508E1}.Release|x64.ActiveCfg = Release|Any CPU
		{7F6FF9A3-B564-64D7-6114-6D8DBF4508E1}.Release|x64.Build.0 = Release|Any CPU
		{7F6FF9A3-B564-64D7-6114-6D8DBF4508E1}.Release|x86.ActiveCfg = Release|Any CPU
		{7F6FF9A3-B564-64D7-6114-6D8DBF4508E1}.Release|x86.Build.0 = Release|Any CPU
	EndGlobalSection
	GlobalSection(SolutionProperties) = preSolution
		HideSolutionNode = FALSE
	EndGlobalSection
EndGlobal
